{
  "version": 4,
  "terraform_version": "0.12.24",
  "serial": 3,
  "lineage": "0bd9f120-ba5c-e477-bd48-3e68bd387b72",
  "outputs": {},
  "resources": [
    {
      "mode": "managed",
      "type": "aws_s3_bucket",
      "name": "b",
      "provider": "provider.aws",
      "instances": [
        {
          "schema_version": 0,
          "attributes": {
            "acceleration_status": "",
            "acl": "private",
            "arn": "arn:aws:s3:::yq007-tf-test-bucket001",
            "bucket": "yq007-tf-test-bucket001",
            "bucket_domain_name": "yq007-tf-test-bucket001.s3.amazonaws.com",
            "bucket_prefix": null,
            "bucket_regional_domain_name": "yq007-tf-test-bucket001.s3.us-east-2.amazonaws.com",
            "cors_rule": [],
            "force_destroy": false,
            "grant": [],
            "hosted_zone_id": "Z2O1EMRO9K5GLX",
            "id": "yq007-tf-test-bucket001",
            "lifecycle_rule": [],
            "logging": [],
            "object_lock_configuration": [],
            "policy": null,
            "region": "us-east-2",
            "replication_configuration": [],
            "request_payer": "BucketOwner",
            "server_side_encryption_configuration": [],
            "tags": {
              "Environment": "Dev",
              "Name": "My bucket"
            },
            "versioning": [
              {
                "enabled": false,
                "mfa_delete": false
              }
            ],
            "website": [],
            "website_domain": null,
            "website_endpoint": null
          },
          "private": "bnVsbA=="
        }
      ]
    }
  ]
}
