{
  "version": 4,
  "terraform_version": "0.12.24",
  "serial": 11,
  "lineage": "4f4294da-52cf-eff1-0f29-b8601ad00667",
  "outputs": {},
  "resources": [
    {
      "mode": "managed",
      "type": "aws_subnet",
      "name": "subnet1",
      "provider": "provider.aws",
      "instances": [
        {
          "schema_version": 1,
          "attributes": {
            "arn": "arn:aws:ec2:us-east-2:693275195242:subnet/subnet-0a1dd6efb13237feb",
            "assign_ipv6_address_on_creation": false,
            "availability_zone": "us-east-2a",
            "availability_zone_id": "use2-az1",
            "cidr_block": "190.160.1.0/24",
            "id": "subnet-0a1dd6efb13237feb",
            "ipv6_cidr_block": "",
            "ipv6_cidr_block_association_id": "",
            "map_public_ip_on_launch": false,
            "outpost_arn": "",
            "owner_id": "693275195242",
            "tags": {
              "Name": "Subnet1"
            },
            "timeouts": null,
            "vpc_id": "vpc-0c7d038ba6e23542b"
          },
          "private": "eyJlMmJmYjczMC1lY2FhLTExZTYtOGY4OC0zNDM2M2JjN2M0YzAiOnsiY3JlYXRlIjo2MDAwMDAwMDAwMDAsImRlbGV0ZSI6MTIwMDAwMDAwMDAwMH0sInNjaGVtYV92ZXJzaW9uIjoiMSJ9",
          "dependencies": [
            "aws_vpc.main"
          ]
        }
      ]
    },
    {
      "mode": "managed",
      "type": "aws_vpc",
      "name": "main",
      "provider": "provider.aws",
      "instances": [
        {
          "schema_version": 1,
          "attributes": {
            "arn": "arn:aws:ec2:us-east-2:693275195242:vpc/vpc-0c7d038ba6e23542b",
            "assign_generated_ipv6_cidr_block": false,
            "cidr_block": "190.160.0.0/16",
            "default_network_acl_id": "acl-0b1a26aa231ed9c6d",
            "default_route_table_id": "rtb-0cb238e831124f7c0",
            "default_security_group_id": "sg-0ef8d1bfacfacc6bc",
            "dhcp_options_id": "dopt-2463d24f",
            "enable_classiclink": null,
            "enable_classiclink_dns_support": null,
            "enable_dns_hostnames": false,
            "enable_dns_support": true,
            "id": "vpc-0c7d038ba6e23542b",
            "instance_tenancy": "default",
            "ipv6_association_id": "",
            "ipv6_cidr_block": "",
            "main_route_table_id": "rtb-0cb238e831124f7c0",
            "owner_id": "693275195242",
            "tags": {
              "Location": "Banglore",
              "Name": "Main"
            }
          },
          "private": "eyJzY2hlbWFfdmVyc2lvbiI6IjEifQ=="
        }
      ]
    }
  ]
}
